
Microsoft Visual Studio Solution File, Format Version 12.00
# Visual Studio Version 16
VisualStudioVersion = 16.0.31515.178
MinimumVisualStudioVersion = 10.0.40219.1
Project("{9A19103F-16F7-4668-BE54-9A1E7A4F7556}") = "BillingAPI", "BillingAPI.csproj", "{C2E613BD-0163-4060-8E01-5A7DF0818DE1}"
EndProject
Project("{FAE04EC0-301F-11D3-BF4B-00C04F79EFBC}") = "BillingTestAPI", "..\BillingTestAPI\BillingTestAPI.csproj", "{81DB2F87-97D6-434A-9BF5-8FA99CCF98F0}"
EndProject
Global
	GlobalSection(SolutionConfigurationPlatforms) = preSolution
		Debug|Any CPU = Debug|Any CPU
		Release|Any CPU = Release|Any CPU
	EndGlobalSection
	GlobalSection(ProjectConfigurationPlatforms) = postSolution
		{C2E613BD-0163-4060-8E01-5A7DF0818DE1}.Debug|Any CPU.ActiveCfg = Debug|Any CPU
		{C2E613BD-0163-4060-8E01-5A7DF0818DE1}.Debug|Any CPU.Build.0 = Debug|Any CPU
		{C2E613BD-0163-4060-8E01-5A7DF0818DE1}.Release|Any CPU.ActiveCfg = Release|Any CPU
		{C2E613BD-0163-4060-8E01-5A7DF0818DE1}.Release|Any CPU.Build.0 = Release|Any CPU
		{81DB2F87-97D6-434A-9BF5-8FA99CCF98F0}.Debug|Any CPU.ActiveCfg = Debug|Any CPU
		{81DB2F87-97D6-434A-9BF5-8FA99CCF98F0}.Debug|Any CPU.Build.0 = Debug|Any CPU
		{81DB2F87-97D6-434A-9BF5-8FA99CCF98F0}.Release|Any CPU.ActiveCfg = Release|Any CPU
		{81DB2F87-97D6-434A-9BF5-8FA99CCF98F0}.Release|Any CPU.Build.0 = Release|Any CPU
	EndGlobalSection
	GlobalSection(SolutionProperties) = preSolution
		HideSolutionNode = FALSE
	EndGlobalSection
	GlobalSection(ExtensibilityGlobals) = postSolution
		SolutionGuid = {DD6892F1-9475-4690-AFC3-B0F458695FA0}
	EndGlobalSection
EndGlobal
